
Microsoft Visual Studio Solution File, Format Version 12.00
# Visual Studio Version 17
VisualStudioVersion = 17.4.32916.344
MinimumVisualStudioVersion = 10.0.40219.1
Project("{FAE04EC0-301F-11D3-BF4B-00C04F79EFBC}") = "AllCmtToText", "AllCmtToText\AllCmtToText.csproj", "{EC11C5EA-3FB4-44C3-918D-D06FFDF36C8F}"
EndProject
Global
	GlobalSection(SolutionConfigurationPlatforms) = preSolution
		Debug|Any CPU = Debug|Any CPU
		Release|Any CPU = Release|Any CPU
	EndGlobalSection
	GlobalSection(ProjectConfigurationPlatforms) = postSolution
		{EC11C5EA-3FB4-44C3-918D-D06FFDF36C8F}.Debug|Any CPU.ActiveCfg = Debug|Any CPU
		{EC11C5EA-3FB4-44C3-918D-D06FFDF36C8F}.Debug|Any CPU.Build.0 = Debug|Any CPU
		{EC11C5EA-3FB4-44C3-918D-D06FFDF36C8F}.Release|Any CPU.ActiveCfg = Release|Any CPU
		{EC11C5EA-3FB4-44C3-918D-D06FFDF36C8F}.Release|Any CPU.Build.0 = Release|Any CPU
	EndGlobalSection
	GlobalSection(SolutionProperties) = preSolution
		HideSolutionNode = FALSE
	EndGlobalSection
	GlobalSection(ExtensibilityGlobals) = postSolution
		SolutionGuid = {6E343EC9-ECDE-47D0-9757-E121D4E312F7}
	EndGlobalSection
EndGlobal
